
Microsoft Visual Studio Solution File, Format Version 12.00
# Visual Studio Version 17
VisualStudioVersion = 17.3.32922.545
MinimumVisualStudioVersion = 10.0.40219.1
Project("{8BC9CEB8-8B4A-11D0-8D11-00A0C91BC942}") = "C_Project", "C_Project.vcxproj", "{3F378EB5-808E-4692-8361-1D1457F953BD}"
EndProject
Global
	GlobalSection(SolutionConfigurationPlatforms) = preSolution
		Debug|x64 = Debug|x64
		Debug|x86 = Debug|x86
		Release|x64 = Release|x64
		Release|x86 = Release|x86
	EndGlobalSection
	GlobalSection(ProjectConfigurationPlatforms) = postSolution
		{3F378EB5-808E-4692-8361-1D1457F953BD}.Debug|x64.ActiveCfg = Debug|x64
		{3F378EB5-808E-4692-8361-1D1457F953BD}.Debug|x64.Build.0 = Debug|x64
		{3F378EB5-808E-4692-8361-1D1457F953BD}.Debug|x86.ActiveCfg = Debug|Win32
		{3F378EB5-808E-4692-8361-1D1457F953BD}.Debug|x86.Build.0 = Debug|Win32
		{3F378EB5-808E-4692-8361-1D1457F953BD}.Release|x64.ActiveCfg = Release|x64
		{3F378EB5-808E-4692-8361-1D1457F953BD}.Release|x64.Build.0 = Release|x64
		{3F378EB5-808E-4692-8361-1D1457F953BD}.Release|x86.ActiveCfg = Release|Win32
		{3F378EB5-808E-4692-8361-1D1457F953BD}.Release|x86.Build.0 = Release|Win32
	EndGlobalSection
	GlobalSection(SolutionProperties) = preSolution
		HideSolutionNode = FALSE
	EndGlobalSection
	GlobalSection(ExtensibilityGlobals) = postSolution
		SolutionGuid = {E0E63473-532E-485C-9CE9-4A4EC8CD4B0D}
	EndGlobalSection
EndGlobal
